
Microsoft Visual Studio Solution File, Format Version 12.00
# Visual Studio Version 17
VisualStudioVersion = 17.7.34221.43
MinimumVisualStudioVersion = 10.0.40219.1
Project("{FAE04EC0-301F-11D3-BF4B-00C04F79EFBC}") = "Toplamaİşlemi", "Toplamaİşlemi.csproj", "{3DDF13BB-3153-4C17-8A14-E58BE32E73F6}"
EndProject
Global
	GlobalSection(SolutionConfigurationPlatforms) = preSolution
		Debug|Any CPU = Debug|Any CPU
		Release|Any CPU = Release|Any CPU
	EndGlobalSection
	GlobalSection(ProjectConfigurationPlatforms) = postSolution
		{3DDF13BB-3153-4C17-8A14-E58BE32E73F6}.Debug|Any CPU.ActiveCfg = Debug|Any CPU
		{3DDF13BB-3153-4C17-8A14-E58BE32E73F6}.Debug|Any CPU.Build.0 = Debug|Any CPU
		{3DDF13BB-3153-4C17-8A14-E58BE32E73F6}.Release|Any CPU.ActiveCfg = Release|Any CPU
		{3DDF13BB-3153-4C17-8A14-E58BE32E73F6}.Release|Any CPU.Build.0 = Release|Any CPU
	EndGlobalSection
	GlobalSection(SolutionProperties) = preSolution
		HideSolutionNode = FALSE
	EndGlobalSection
	GlobalSection(ExtensibilityGlobals) = postSolution
		SolutionGuid = {B46F3F45-7791-4D70-92A9-472FDA210235}
	EndGlobalSection
EndGlobal
