
Microsoft Visual Studio Solution File, Format Version 12.00
# Visual Studio Version 17
VisualStudioVersion = 17.7.34221.43
MinimumVisualStudioVersion = 10.0.40219.1
Project("{FAE04EC0-301F-11D3-BF4B-00C04F79EFBC}") = "Net Hesaplama", "Net Hesaplama.csproj", "{CE5E3FE3-238B-43CC-A2F4-511C90C4B747}"
EndProject
Global
	GlobalSection(SolutionConfigurationPlatforms) = preSolution
		Debug|Any CPU = Debug|Any CPU
		Release|Any CPU = Release|Any CPU
	EndGlobalSection
	GlobalSection(ProjectConfigurationPlatforms) = postSolution
		{CE5E3FE3-238B-43CC-A2F4-511C90C4B747}.Debug|Any CPU.ActiveCfg = Debug|Any CPU
		{CE5E3FE3-238B-43CC-A2F4-511C90C4B747}.Debug|Any CPU.Build.0 = Debug|Any CPU
		{CE5E3FE3-238B-43CC-A2F4-511C90C4B747}.Release|Any CPU.ActiveCfg = Release|Any CPU
		{CE5E3FE3-238B-43CC-A2F4-511C90C4B747}.Release|Any CPU.Build.0 = Release|Any CPU
	EndGlobalSection
	GlobalSection(SolutionProperties) = preSolution
		HideSolutionNode = FALSE
	EndGlobalSection
	GlobalSection(ExtensibilityGlobals) = postSolution
		SolutionGuid = {0A90A257-DA90-4062-B8FB-472D9E2F6A38}
	EndGlobalSection
EndGlobal
