
Microsoft Visual Studio Solution File, Format Version 12.00
# Visual Studio Version 17
VisualStudioVersion = 17.7.34221.43
MinimumVisualStudioVersion = 10.0.40219.1
Project("{FAE04EC0-301F-11D3-BF4B-00C04F79EFBC}") = "İndirimliÜrün", "İndirimliÜrün.csproj", "{94EB33BD-22E5-4DAE-93CB-254BC3A6C604}"
EndProject
Global
	GlobalSection(SolutionConfigurationPlatforms) = preSolution
		Debug|Any CPU = Debug|Any CPU
		Release|Any CPU = Release|Any CPU
	EndGlobalSection
	GlobalSection(ProjectConfigurationPlatforms) = postSolution
		{94EB33BD-22E5-4DAE-93CB-254BC3A6C604}.Debug|Any CPU.ActiveCfg = Debug|Any CPU
		{94EB33BD-22E5-4DAE-93CB-254BC3A6C604}.Debug|Any CPU.Build.0 = Debug|Any CPU
		{94EB33BD-22E5-4DAE-93CB-254BC3A6C604}.Release|Any CPU.ActiveCfg = Release|Any CPU
		{94EB33BD-22E5-4DAE-93CB-254BC3A6C604}.Release|Any CPU.Build.0 = Release|Any CPU
	EndGlobalSection
	GlobalSection(SolutionProperties) = preSolution
		HideSolutionNode = FALSE
	EndGlobalSection
	GlobalSection(ExtensibilityGlobals) = postSolution
		SolutionGuid = {7EFC9B40-93A5-450A-801F-9534ED9994A5}
	EndGlobalSection
EndGlobal
