
Microsoft Visual Studio Solution File, Format Version 12.00
# Visual Studio Version 17
VisualStudioVersion = 17.7.34221.43
MinimumVisualStudioVersion = 10.0.40219.1
Project("{FAE04EC0-301F-11D3-BF4B-00C04F79EFBC}") = "ResimGalerisi", "ResimGalerisi.csproj", "{06434F7E-D444-4ACA-9FF6-F045CA5202E6}"
EndProject
Global
	GlobalSection(SolutionConfigurationPlatforms) = preSolution
		Debug|Any CPU = Debug|Any CPU
		Release|Any CPU = Release|Any CPU
	EndGlobalSection
	GlobalSection(ProjectConfigurationPlatforms) = postSolution
		{06434F7E-D444-4ACA-9FF6-F045CA5202E6}.Debug|Any CPU.ActiveCfg = Debug|Any CPU
		{06434F7E-D444-4ACA-9FF6-F045CA5202E6}.Debug|Any CPU.Build.0 = Debug|Any CPU
		{06434F7E-D444-4ACA-9FF6-F045CA5202E6}.Release|Any CPU.ActiveCfg = Release|Any CPU
		{06434F7E-D444-4ACA-9FF6-F045CA5202E6}.Release|Any CPU.Build.0 = Release|Any CPU
	EndGlobalSection
	GlobalSection(SolutionProperties) = preSolution
		HideSolutionNode = FALSE
	EndGlobalSection
	GlobalSection(ExtensibilityGlobals) = postSolution
		SolutionGuid = {645D1FEE-04E5-45D2-8DFF-F74743AAD140}
	EndGlobalSection
EndGlobal
